// !$*UTF8*$!
{
	archiveVersion = 1;
	classes = {
	};
	objectVersion = 77;
	objects = {

/* Begin PBXBuildFile section */
		941D21E82FAE4EE60013D2BC /* CONTRIBUTING.md in Resources */ = {isa = PBXBuildFile; fileRef = 941D21A72FAE4EE60013D2BC /* CONTRIBUTING.md */; };
		941D21E92FAE4EE60013D2BC /* LICENSE in Resources */ = {isa = PBXBuildFile; fileRef = 941D21A82FAE4EE60013D2BC /* LICENSE */; };
		941D21EB2FAE4EE60013D2BC /* ROADMAP.md in Resources */ = {isa = PBXBuildFile; fileRef = 941D21AA2FAE4EE60013D2BC /* ROADMAP.md */; };
		941D21EC2FAE4EE60013D2BC /* SECURITY.md in Resources */ = {isa = PBXBuildFile; fileRef = 941D21AB2FAE4EE60013D2BC /* SECURITY.md */; };
		941D22182FAEAFE10013D2BC /* README.md in Resources */ = {isa = PBXBuildFile; fileRef = 941D22172FAEAFE10013D2BC /* README.md */; };
/* End PBXBuildFile section */

/* Begin PBXContainerItemProxy section */
		94E96CA52FA449B2004218AD /* PBXContainerItemProxy */ = {
			isa = PBXContainerItemProxy;
			containerPortal = 94E96C8F2FA449B1004218AD /* Project object */;
			proxyType = 1;
			remoteGlobalIDString = 94E96C962FA449B1004218AD;
			remoteInfo = "Homebrew Assistant";
		};
		94E96CAF2FA449B2004218AD /* PBXContainerItemProxy */ = {
			isa = PBXContainerItemProxy;
			containerPortal = 94E96C8F2FA449B1004218AD /* Project object */;
			proxyType = 1;
			remoteGlobalIDString = 94E96C962FA449B1004218AD;
			remoteInfo = "Homebrew Assistant";
		};
/* End PBXContainerItemProxy section */

/* Begin PBXFileReference section */
		941D21A72FAE4EE60013D2BC /* CONTRIBUTING.md */ = {isa = PBXFileReference; lastKnownFileType = net.daringfireball.markdown; path = CONTRIBUTING.md; sourceTree = "<group>"; };
		941D21A82FAE4EE60013D2BC /* LICENSE */ = {isa = PBXFileReference; lastKnownFileType = text; path = LICENSE; sourceTree = "<group>"; };
		941D21AA2FAE4EE60013D2BC /* ROADMAP.md */ = {isa = PBXFileReference; lastKnownFileType = net.daringfireball.markdown; path = ROADMAP.md; sourceTree = "<group>"; };
		941D21AB2FAE4EE60013D2BC /* SECURITY.md */ = {isa = PBXFileReference; lastKnownFileType = net.daringfireball.markdown; path = SECURITY.md; sourceTree = "<group>"; };
		941D22172FAEAFE10013D2BC /* README.md */ = {isa = PBXFileReference; lastKnownFileType = net.daringfireball.markdown; path = README.md; sourceTree = "<group>"; };
		94CC8BFD2FA70A3900F1B7D6 /* Homebrew Assistant.xctestplan */ = {isa = PBXFileReference; lastKnownFileType = text; path = "Homebrew Assistant.xctestplan"; sourceTree = "<group>"; };
		94E96C972FA449B1004218AD /* Homebrew Assistant.app */ = {isa = PBXFileReference; explicitFileType = wrapper.application; includeInIndex = 0; path = "Homebrew Assistant.app"; sourceTree = BUILT_PRODUCTS_DIR; };
		94E96CA42FA449B2004218AD /* Homebrew AssistantTests.xctest */ = {isa = PBXFileReference; explicitFileType = wrapper.cfbundle; includeInIndex = 0; path = "Homebrew AssistantTests.xctest"; sourceTree = BUILT_PRODUCTS_DIR; };
		94E96CAE2FA449B2004218AD /* Homebrew AssistantUITests.xctest */ = {isa = PBXFileReference; explicitFileType = wrapper.cfbundle; includeInIndex = 0; path = "Homebrew AssistantUITests.xctest"; sourceTree = BUILT_PRODUCTS_DIR; };
/* End PBXFileReference section */

/* Begin PBXFileSystemSynchronizedRootGroup section */
		948AF3662FA6DCFA0052B9AD /* Homebrew AssistantTests */ = {
			isa = PBXFileSystemSynchronizedRootGroup;
			path = "Homebrew AssistantTests";
			sourceTree = "<group>";
		};
		948AF3672FA6DD310052B9AD /* Homebrew AssistantUITests */ = {
			isa = PBXFileSystemSynchronizedRootGroup;
			path = "Homebrew AssistantUITests";
			sourceTree = "<group>";
		};
		94E96C992FA449B1004218AD /* Homebrew Assistant */ = {
			isa = PBXFileSystemSynchronizedRootGroup;
			path = "Homebrew Assistant";
			sourceTree = "<group>";
		};
/* End PBXFileSystemSynchronizedRootGroup section */

/* Begin PBXFrameworksBuildPhase section */
		94E96C942FA449B1004218AD /* Frameworks */ = {
			isa = PBXFrameworksBuildPhase;
			buildActionMask = 2147483647;
			files = (
			);
			runOnlyForDeploymentPostprocessing = 0;
		};
		94E96CA12FA449B2004218AD /* Frameworks */ = {
			isa = PBXFrameworksBuildPhase;
			buildActionMask = 2147483647;
			files = (
			);
			runOnlyForDeploymentPostprocessing = 0;
		};
		94E96CAB2FA449B2004218AD /* Frameworks */ = {
			isa = PBXFrameworksBuildPhase;
			buildActionMask = 2147483647;
			files = (
			);
			runOnlyForDeploymentPostprocessing = 0;
		};
/* End PBXFrameworksBuildPhase section */

/* Begin PBXGroup section */
		94E96C8E2FA449B1004218AD = {
			isa = PBXGroup;
			children = (
				941D22172FAEAFE10013D2BC /* README.md */,
				94CC8BFD2FA70A3900F1B7D6 /* Homebrew Assistant.xctestplan */,
				94E96C992FA449B1004218AD /* Homebrew Assistant */,
				948AF3662FA6DCFA0052B9AD /* Homebrew AssistantTests */,
				948AF3672FA6DD310052B9AD /* Homebrew AssistantUITests */,
				94E96C982FA449B1004218AD /* Products */,
				941D21A72FAE4EE60013D2BC /* CONTRIBUTING.md */,
				941D21A82FAE4EE60013D2BC /* LICENSE */,
				941D21AA2FAE4EE60013D2BC /* ROADMAP.md */,
				941D21AB2FAE4EE60013D2BC /* SECURITY.md */,
			);
			sourceTree = "<group>";
		};
		94E96C982FA449B1004218AD /* Products */ = {
			isa = PBXGroup;
			children = (
				94E96C972FA449B1004218AD /* Homebrew Assistant.app */,
				94E96CA42FA449B2004218AD /* Homebrew AssistantTests.xctest */,
				94E96CAE2FA449B2004218AD /* Homebrew AssistantUITests.xctest */,
			);
			name = Products;
			sourceTree = "<group>";
		};
/* End PBXGroup section */

/* Begin PBXNativeTarget section */
		94E96C962FA449B1004218AD /* Homebrew Assistant */ = {
			isa = PBXNativeTarget;
			buildConfigurationList = 94E96CB82FA449B2004218AD /* Build configuration list for PBXNativeTarget "Homebrew Assistant" */;
			buildPhases = (
				94E96C932FA449B1004218AD /* Sources */,
				94E96C942FA449B1004218AD /* Frameworks */,
				94E96C952FA449B1004218AD /* Resources */,
			);
			buildRules = (
			);
			dependencies = (
			);
			fileSystemSynchronizedGroups = (
				94E96C992FA449B1004218AD /* Homebrew Assistant */,
			);
			name = "Homebrew Assistant";
			packageProductDependencies = (
			);
			productName = "Homebrew Assistant";
			productReference = 94E96C972FA449B1004218AD /* Homebrew Assistant.app */;
			productType = "com.apple.product-type.application";
		};
		94E96CA32FA449B2004218AD /* Homebrew AssistantTests */ = {
			isa = PBXNativeTarget;
			buildConfigurationList = 94E96CBB2FA449B2004218AD /* Build configuration list for PBXNativeTarget "Homebrew AssistantTests" */;
			buildPhases = (
				94E96CA02FA449B2004218AD /* Sources */,
				94E96CA12FA449B2004218AD /* Frameworks */,
				94E96CA22FA449B2004218AD /* Resources */,
			);
			buildRules = (
			);
			dependencies = (
				94E96CA62FA449B2004218AD /* PBXTargetDependency */,
			);
			fileSystemSynchronizedGroups = (
				948AF3662FA6DCFA0052B9AD /* Homebrew AssistantTests */,
			);
			name = "Homebrew AssistantTests";
			packageProductDependencies = (
			);
			productName = "Homebrew AssistantTests";
			productReference = 94E96CA42FA449B2004218AD /* Homebrew AssistantTests.xctest */;
			productType = "com.apple.product-type.bundle.unit-test";
		};
		94E96CAD2FA449B2004218AD /* Homebrew AssistantUITests */ = {
			isa = PBXNativeTarget;
			buildConfigurationList = 94E96CBE2FA449B2004218AD /* Build configuration list for PBXNativeTarget "Homebrew AssistantUITests" */;
			buildPhases = (
				94E96CAA2FA449B2004218AD /* Sources */,
				94E96CAB2FA449B2004218AD /* Frameworks */,
				94E96CAC2FA449B2004218AD /* Resources */,
			);
			buildRules = (
			);
			dependencies = (
				94E96CB02FA449B2004218AD /* PBXTargetDependency */,
			);
			fileSystemSynchronizedGroups = (
				948AF3672FA6DD310052B9AD /* Homebrew AssistantUITests */,
			);
			name = "Homebrew AssistantUITests";
			packageProductDependencies = (
			);
			productName = "Homebrew AssistantUITests";
			productReference = 94E96CAE2FA449B2004218AD /* Homebrew AssistantUITests.xctest */;
			productType = "com.apple.product-type.bundle.ui-testing";
		};
/* End PBXNativeTarget section */

/* Begin PBXProject section */
		94E96C8F2FA449B1004218AD /* Project object */ = {
			isa = PBXProject;
			attributes = {
				BuildIndependentTargetsInParallel = 1;
				LastSwiftUpdateCheck = 2640;
				LastUpgradeCheck = 2640;
				TargetAttributes = {
					94E96C962FA449B1004218AD = {
						CreatedOnToolsVersion = 26.4.1;
					};
					94E96CA32FA449B2004218AD = {
						CreatedOnToolsVersion = 26.4.1;
						TestTargetID = 94E96C962FA449B1004218AD;
					};
					94E96CAD2FA449B2004218AD = {
						CreatedOnToolsVersion = 26.4.1;
						TestTargetID = 94E96C962FA449B1004218AD;
					};
				};
			};
			buildConfigurationList = 94E96C922FA449B1004218AD /* Build configuration list for PBXProject "Homebrew Assistant" */;
			developmentRegion = en;
			hasScannedForEncodings = 0;
			knownRegions = (
				en,
				Base,
			);
			mainGroup = 94E96C8E2FA449B1004218AD;
			minimizedProjectReferenceProxies = 1;
			preferredProjectObjectVersion = 77;
			productRefGroup = 94E96C982FA449B1004218AD /* Products */;
			projectDirPath = "";
			projectRoot = "";
			targets = (
				94E96C962FA449B1004218AD /* Homebrew Assistant */,
				94E96CA32FA449B2004218AD /* Homebrew AssistantTests */,
				94E96CAD2FA449B2004218AD /* Homebrew AssistantUITests */,
			);
		};
/* End PBXProject section */

/* Begin PBXResourcesBuildPhase section */
		94E96C952FA449B1004218AD /* Resources */ = {
			isa = PBXResourcesBuildPhase;
			buildActionMask = 2147483647;
			files = (
				941D21E82FAE4EE60013D2BC /* CONTRIBUTING.md in Resources */,
				941D22182FAEAFE10013D2BC /* README.md in Resources */,
				941D21E92FAE4EE60013D2BC /* LICENSE in Resources */,
				941D21EB2FAE4EE60013D2BC /* ROADMAP.md in Resources */,
				941D21EC2FAE4EE60013D2BC /* SECURITY.md in Resources */,
			);
			runOnlyForDeploymentPostprocessing = 0;
		};
		94E96CA22FA449B2004218AD /* Resources */ = {
			isa = PBXResourcesBuildPhase;
			buildActionMask = 2147483647;
			files = (
			);
			runOnlyForDeploymentPostprocessing = 0;
		};
		94E96CAC2FA449B2004218AD /* Resources */ = {
			isa = PBXResourcesBuildPhase;
			buildActionMask = 2147483647;
			files = (
			);
			runOnlyForDeploymentPostprocessing = 0;
		};
/* End PBXResourcesBuildPhase section */

/* Begin PBXSourcesBuildPhase section */
		94E96C932FA449B1004218AD /* Sources */ = {
			isa = PBXSourcesBuildPhase;
			buildActionMask = 2147483647;
			files = (
			);
			runOnlyForDeploymentPostprocessing = 0;
		};
		94E96CA02FA449B2004218AD /* Sources */ = {
			isa = PBXSourcesBuildPhase;
			buildActionMask = 2147483647;
			files = (
			);
			runOnlyForDeploymentPostprocessing = 0;
		};
		94E96CAA2FA449B2004218AD /* Sources */ = {
			isa = PBXSourcesBuildPhase;
			buildActionMask = 2147483647;
			files = (
			);
			runOnlyForDeploymentPostprocessing = 0;
		};
/* End PBXSourcesBuildPhase section */

/* Begin PBXTargetDependency section */
		94E96CA62FA449B2004218AD /* PBXTargetDependency */ = {
			isa = PBXTargetDependency;
			target = 94E96C962FA449B1004218AD /* Homebrew Assistant */;
			targetProxy = 94E96CA52FA449B2004218AD /* PBXContainerItemProxy */;
		};
		94E96CB02FA449B2004218AD /* PBXTargetDependency */ = {
			isa = PBXTargetDependency;
			target = 94E96C962FA449B1004218AD /* Homebrew Assistant */;
			targetProxy = 94E96CAF2FA449B2004218AD /* PBXContainerItemProxy */;
		};
/* End PBXTargetDependency section */

/* Begin XCBuildConfiguration section */
		94E96CB62FA449B2004218AD /* Debug */ = {
			isa = XCBuildConfiguration;
			buildSettings = {
				ALWAYS_SEARCH_USER_PATHS = NO;
				ASSETCATALOG_COMPILER_GENERATE_SWIFT_ASSET_SYMBOL_EXTENSIONS = YES;
				CLANG_ANALYZER_NONNULL = YES;
				CLANG_ANALYZER_NUMBER_OBJECT_CONVERSION = YES_AGGRESSIVE;
				CLANG_CXX_LANGUAGE_STANDARD = "gnu++20";
				CLANG_ENABLE_MODULES = YES;
				CLANG_ENABLE_OBJC_ARC = YES;
				CLANG_ENABLE_OBJC_WEAK = YES;
				CLANG_WARN_BLOCK_CAPTURE_AUTORELEASING = YES;
				CLANG_WARN_BOOL_CONVERSION = YES;
				CLANG_WARN_COMMA = YES;
				CLANG_WARN_CONSTANT_CONVERSION = YES;
				CLANG_WARN_DEPRECATED_OBJC_IMPLEMENTATIONS = YES;
				CLANG_WARN_DIRECT_OBJC_ISA_USAGE = YES_ERROR;
				CLANG_WARN_DOCUMENTATION_COMMENTS = YES;
				CLANG_WARN_EMPTY_BODY = YES;
				CLANG_WARN_ENUM_CONVERSION = YES;
				CLANG_WARN_INFINITE_RECURSION = YES;
				CLANG_WARN_INT_CONVERSION = YES;
				CLANG_WARN_NON_LITERAL_NULL_CONVERSION = YES;
				CLANG_WARN_OBJC_IMPLICIT_RETAIN_SELF = YES;
				CLANG_WARN_OBJC_LITERAL_CONVERSION = YES;
				CLANG_WARN_OBJC_ROOT_CLASS = YES_ERROR;
				CLANG_WARN_QUOTED_INCLUDE_IN_FRAMEWORK_HEADER = YES;
				CLANG_WARN_RANGE_LOOP_ANALYSIS = YES;
				CLANG_WARN_STRICT_PROTOTYPES = YES;
				CLANG_WARN_SUSPICIOUS_MOVE = YES;
				CLANG_WARN_UNGUARDED_AVAILABILITY = YES_AGGRESSIVE;
				CLANG_WARN_UNREACHABLE_CODE = YES;
				CLANG_WARN__DUPLICATE_METHOD_MATCH = YES;
				COPY_PHASE_STRIP = NO;
				DEBUG_INFORMATION_FORMAT = dwarf;
				DEVELOPMENT_TEAM = PUT2KYMV2W;
				ENABLE_STRICT_OBJC_MSGSEND = YES;
				ENABLE_TESTABILITY = YES;
				ENABLE_USER_SCRIPT_SANDBOXING = YES;
				GCC_C_LANGUAGE_STANDARD = gnu17;
				GCC_DYNAMIC_NO_PIC = NO;
				GCC_NO_COMMON_BLOCKS = YES;
				GCC_OPTIMIZATION_LEVEL = 0;
				GCC_PREPROCESSOR_DEFINITIONS = (
					"DEBUG=1",
					"$(inherited)",
				);
				GCC_WARN_64_TO_32_BIT_CONVERSION = YES;
				GCC_WARN_ABOUT_RETURN_TYPE = YES_ERROR;
				GCC_WARN_UNDECLARED_SELECTOR = YES;
				GCC_WARN_UNINITIALIZED_AUTOS = YES_AGGRESSIVE;
				GCC_WARN_UNUSED_FUNCTION = YES;
				GCC_WARN_UNUSED_VARIABLE = YES;
				LOCALIZATION_PREFERS_STRING_CATALOGS = YES;
				MACOSX_DEPLOYMENT_TARGET = 26.4;
				MTL_ENABLE_DEBUG_INFO = INCLUDE_SOURCE;
				MTL_FAST_MATH = YES;
				ONLY_ACTIVE_ARCH = YES;
				SDKROOT = macosx;
				SWIFT_ACTIVE_COMPILATION_CONDITIONS = "DEBUG $(inherited)";
				SWIFT_EMIT_LOC_STRINGS = YES;
				SWIFT_OPTIMIZATION_LEVEL = "-Onone";
			};
			name = Debug;
		};
		94E96CB72FA449B2004218AD /* Release */ = {
			isa = XCBuildConfiguration;
			buildSettings = {
				ALWAYS_SEARCH_USER_PATHS = NO;
				ASSETCATALOG_COMPILER_GENERATE_SWIFT_ASSET_SYMBOL_EXTENSIONS = YES;
				CLANG_ANALYZER_NONNULL = YES;
				CLANG_ANALYZER_NUMBER_OBJECT_CONVERSION = YES_AGGRESSIVE;
				CLANG_CXX_LANGUAGE_STANDARD = "gnu++20";
				CLANG_ENABLE_MODULES = YES;
				CLANG_ENABLE_OBJC_ARC = YES;
				CLANG_ENABLE_OBJC_WEAK = YES;
				CLANG_WARN_BLOCK_CAPTURE_AUTORELEASING = YES;
				CLANG_WARN_BOOL_CONVERSION = YES;
				CLANG_WARN_COMMA = YES;
				CLANG_WARN_CONSTANT_CONVERSION = YES;
				CLANG_WARN_DEPRECATED_OBJC_IMPLEMENTATIONS = YES;
				CLANG_WARN_DIRECT_OBJC_ISA_USAGE = YES_ERROR;
				CLANG_WARN_DOCUMENTATION_COMMENTS = YES;
				CLANG_WARN_EMPTY_BODY = YES;
				CLANG_WARN_ENUM_CONVERSION = YES;
				CLANG_WARN_INFINITE_RECURSION = YES;
				CLANG_WARN_INT_CONVERSION = YES;
				CLANG_WARN_NON_LITERAL_NULL_CONVERSION = YES;
				CLANG_WARN_OBJC_IMPLICIT_RETAIN_SELF = YES;
				CLANG_WARN_OBJC_LITERAL_CONVERSION = YES;
				CLANG_WARN_OBJC_ROOT_CLASS = YES_ERROR;
				CLANG_WARN_QUOTED_INCLUDE_IN_FRAMEWORK_HEADER = YES;
				CLANG_WARN_RANGE_LOOP_ANALYSIS = YES;
				CLANG_WARN_STRICT_PROTOTYPES = YES;
				CLANG_WARN_SUSPICIOUS_MOVE = YES;
				CLANG_WARN_UNGUARDED_AVAILABILITY = YES_AGGRESSIVE;
				CLANG_WARN_UNREACHABLE_CODE = YES;
				CLANG_WARN__DUPLICATE_METHOD_MATCH = YES;
				COPY_PHASE_STRIP = NO;
				DEBUG_INFORMATION_FORMAT = "dwarf-with-dsym";
				DEVELOPMENT_TEAM = PUT2KYMV2W;
				ENABLE_NS_ASSERTIONS = NO;
				ENABLE_STRICT_OBJC_MSGSEND = YES;
				ENABLE_USER_SCRIPT_SANDBOXING = YES;
				GCC_C_LANGUAGE_STANDARD = gnu17;
				GCC_NO_COMMON_BLOCKS = YES;
				GCC_WARN_64_TO_32_BIT_CONVERSION = YES;
				GCC_WARN_ABOUT_RETURN_TYPE = YES_ERROR;
				GCC_WARN_UNDECLARED_SELECTOR = YES;
				GCC_WARN_UNINITIALIZED_AUTOS = YES_AGGRESSIVE;
				GCC_WARN_UNUSED_FUNCTION = YES;
				GCC_WARN_UNUSED_VARIABLE = YES;
				LOCALIZATION_PREFERS_STRING_CATALOGS = YES;
				MACOSX_DEPLOYMENT_TARGET = 26.4;
				MTL_ENABLE_DEBUG_INFO = NO;
				MTL_FAST_MATH = YES;
				SDKROOT = macosx;
				SWIFT_COMPILATION_MODE = wholemodule;
				SWIFT_EMIT_LOC_STRINGS = YES;
			};
			name = Release;
		};
		94E96CB92FA449B2004218AD /* Debug */ = {
			isa = XCBuildConfiguration;
			buildSettings = {
				ASSETCATALOG_COMPILER_APPICON_NAME = AppIcon;
				ASSETCATALOG_COMPILER_GLOBAL_ACCENT_COLOR_NAME = AccentColor;
				CODE_SIGN_STYLE = Automatic;
				COMBINE_HIDPI_IMAGES = YES;
				CURRENT_PROJECT_VERSION = 1;
				DEVELOPMENT_TEAM = PUT2KYMV2W;
				ENABLE_APP_SANDBOX = YES;
				ENABLE_HARDENED_RUNTIME = YES;
				ENABLE_PREVIEWS = YES;
				ENABLE_USER_SELECTED_FILES = readonly;
				GENERATE_INFOPLIST_FILE = YES;
				INFOPLIST_KEY_NSHumanReadableCopyright = "";
				LD_RUNPATH_SEARCH_PATHS = (
					"$(inherited)",
					"@executable_path/../Frameworks",
				);
				MARKETING_VERSION = 1.0;
				PRODUCT_BUNDLE_IDENTIFIER = "fahlsing.com.Homebrew-Assistant";
				PRODUCT_NAME = "$(TARGET_NAME)";
				REGISTER_APP_GROUPS = YES;
				STRING_CATALOG_GENERATE_SYMBOLS = YES;
				SWIFT_APPROACHABLE_CONCURRENCY = YES;
				SWIFT_DEFAULT_ACTOR_ISOLATION = MainActor;
				SWIFT_EMIT_LOC_STRINGS = YES;
				SWIFT_UPCOMING_FEATURE_MEMBER_IMPORT_VISIBILITY = YES;
				SWIFT_VERSION = 5.0;
			};
			name = Debug;
		};
		94E96CBA2FA449B2004218AD /* Release */ = {
			isa = XCBuildConfiguration;
			buildSettings = {
				ASSETCATALOG_COMPILER_APPICON_NAME = AppIcon;
				ASSETCATALOG_COMPILER_GLOBAL_ACCENT_COLOR_NAME = AccentColor;
				CODE_SIGN_STYLE = Automatic;
				COMBINE_HIDPI_IMAGES = YES;
				CURRENT_PROJECT_VERSION = 1;
				DEVELOPMENT_TEAM = PUT2KYMV2W;
				ENABLE_APP_SANDBOX = YES;
				ENABLE_HARDENED_RUNTIME = YES;
				ENABLE_PREVIEWS = YES;
				ENABLE_USER_SELECTED_FILES = readonly;
				GENERATE_INFOPLIST_FILE = YES;
				INFOPLIST_KEY_NSHumanReadableCopyright = "";
				LD_RUNPATH_SEARCH_PATHS = (
					"$(inherited)",
					"@executable_path/../Frameworks",
				);
				MARKETING_VERSION = 1.0;
				PRODUCT_BUNDLE_IDENTIFIER = "fahlsing.com.Homebrew-Assistant";
				PRODUCT_NAME = "$(TARGET_NAME)";
				REGISTER_APP_GROUPS = YES;
				STRING_CATALOG_GENERATE_SYMBOLS = YES;
				SWIFT_APPROACHABLE_CONCURRENCY = YES;
				SWIFT_DEFAULT_ACTOR_ISOLATION = MainActor;
				SWIFT_EMIT_LOC_STRINGS = YES;
				SWIFT_UPCOMING_FEATURE_MEMBER_IMPORT_VISIBILITY = YES;
				SWIFT_VERSION = 5.0;
			};
			name = Release;
		};
		94E96CBC2FA449B2004218AD /* Debug */ = {
			isa = XCBuildConfiguration;
			buildSettings = {
				BUNDLE_LOADER = "$(TEST_HOST)";
				CODE_SIGN_STYLE = Automatic;
				CURRENT_PROJECT_VERSION = 1;
				DEVELOPMENT_TEAM = PUT2KYMV2W;
				GENERATE_INFOPLIST_FILE = YES;
				MACOSX_DEPLOYMENT_TARGET = 26.4;
				MARKETING_VERSION = 1.0;
				PRODUCT_BUNDLE_IDENTIFIER = "fahlsing.com.Homebrew-AssistantTests";
				PRODUCT_NAME = "$(TARGET_NAME)";
				STRING_CATALOG_GENERATE_SYMBOLS = NO;
				SWIFT_APPROACHABLE_CONCURRENCY = YES;
				SWIFT_EMIT_LOC_STRINGS = NO;
				SWIFT_UPCOMING_FEATURE_MEMBER_IMPORT_VISIBILITY = YES;
				SWIFT_VERSION = 5.0;
				TEST_HOST = "$(BUILT_PRODUCTS_DIR)/Homebrew Assistant.app/$(BUNDLE_EXECUTABLE_FOLDER_PATH)/Homebrew Assistant";
			};
			name = Debug;
		};
		94E96CBD2FA449B2004218AD /* Release */ = {
			isa = XCBuildConfiguration;
			buildSettings = {
				BUNDLE_LOADER = "$(TEST_HOST)";
				CODE_SIGN_STYLE = Automatic;
				CURRENT_PROJECT_VERSION = 1;
				DEVELOPMENT_TEAM = PUT2KYMV2W;
				GENERATE_INFOPLIST_FILE = YES;
				MACOSX_DEPLOYMENT_TARGET = 26.4;
				MARKETING_VERSION = 1.0;
				PRODUCT_BUNDLE_IDENTIFIER = "fahlsing.com.Homebrew-AssistantTests";
				PRODUCT_NAME = "$(TARGET_NAME)";
				STRING_CATALOG_GENERATE_SYMBOLS = NO;
				SWIFT_APPROACHABLE_CONCURRENCY = YES;
				SWIFT_EMIT_LOC_STRINGS = NO;
				SWIFT_UPCOMING_FEATURE_MEMBER_IMPORT_VISIBILITY = YES;
				SWIFT_VERSION = 5.0;
				TEST_HOST = "$(BUILT_PRODUCTS_DIR)/Homebrew Assistant.app/$(BUNDLE_EXECUTABLE_FOLDER_PATH)/Homebrew Assistant";
			};
			name = Release;
		};
		94E96CBF2FA449B2004218AD /* Debug */ = {
			isa = XCBuildConfiguration;
			buildSettings = {
				CODE_SIGN_STYLE = Automatic;
				CURRENT_PROJECT_VERSION = 1;
				DEVELOPMENT_TEAM = PUT2KYMV2W;
				GENERATE_INFOPLIST_FILE = YES;
				MARKETING_VERSION = 1.0;
				PRODUCT_BUNDLE_IDENTIFIER = "fahlsing.com.Homebrew-AssistantUITests";
				PRODUCT_NAME = "$(TARGET_NAME)";
				STRING_CATALOG_GENERATE_SYMBOLS = NO;
				SWIFT_APPROACHABLE_CONCURRENCY = YES;
				SWIFT_EMIT_LOC_STRINGS = NO;
				SWIFT_UPCOMING_FEATURE_MEMBER_IMPORT_VISIBILITY = YES;
				SWIFT_VERSION = 5.0;
				TEST_TARGET_NAME = "Homebrew Assistant";
			};
			name = Debug;
		};
		94E96CC02FA449B2004218AD /* Release */ = {
			isa = XCBuildConfiguration;
			buildSettings = {
				CODE_SIGN_STYLE = Automatic;
				CURRENT_PROJECT_VERSION = 1;
				DEVELOPMENT_TEAM = PUT2KYMV2W;
				GENERATE_INFOPLIST_FILE = YES;
				MARKETING_VERSION = 1.0;
				PRODUCT_BUNDLE_IDENTIFIER = "fahlsing.com.Homebrew-AssistantUITests";
				PRODUCT_NAME = "$(TARGET_NAME)";
				STRING_CATALOG_GENERATE_SYMBOLS = NO;
				SWIFT_APPROACHABLE_CONCURRENCY = YES;
				SWIFT_EMIT_LOC_STRINGS = NO;
				SWIFT_UPCOMING_FEATURE_MEMBER_IMPORT_VISIBILITY = YES;
				SWIFT_VERSION = 5.0;
				TEST_TARGET_NAME = "Homebrew Assistant";
			};
			name = Release;
		};
/* End XCBuildConfiguration section */

/* Begin XCConfigurationList section */
		94E96C922FA449B1004218AD /* Build configuration list for PBXProject "Homebrew Assistant" */ = {
			isa = XCConfigurationList;
			buildConfigurations = (
				94E96CB62FA449B2004218AD /* Debug */,
				94E96CB72FA449B2004218AD /* Release */,
			);
			defaultConfigurationIsVisible = 0;
			defaultConfigurationName = Release;
		};
		94E96CB82FA449B2004218AD /* Build configuration list for PBXNativeTarget "Homebrew Assistant" */ = {
			isa = XCConfigurationList;
			buildConfigurations = (
				94E96CB92FA449B2004218AD /* Debug */,
				94E96CBA2FA449B2004218AD /* Release */,
			);
			defaultConfigurationIsVisible = 0;
			defaultConfigurationName = Release;
		};
		94E96CBB2FA449B2004218AD /* Build configuration list for PBXNativeTarget "Homebrew AssistantTests" */ = {
			isa = XCConfigurationList;
			buildConfigurations = (
				94E96CBC2FA449B2004218AD /* Debug */,
				94E96CBD2FA449B2004218AD /* Release */,
			);
			defaultConfigurationIsVisible = 0;
			defaultConfigurationName = Release;
		};
		94E96CBE2FA449B2004218AD /* Build configuration list for PBXNativeTarget "Homebrew AssistantUITests" */ = {
			isa = XCConfigurationList;
			buildConfigurations = (
				94E96CBF2FA449B2004218AD /* Debug */,
				94E96CC02FA449B2004218AD /* Release */,
			);
			defaultConfigurationIsVisible = 0;
			defaultConfigurationName = Release;
		};
/* End XCConfigurationList section */
	};
	rootObject = 94E96C8F2FA449B1004218AD /* Project object */;
}
